{
  "name": "crypto-example",
  "version": "1.0.0",
  "lockfileVersion": 1,
  "requires": true,
  "dependencies": {
    "openssl-wrapper": {
      "version": "0.3.4",
      "resolved": "https://registry.npmjs.org/openssl-wrapper/-/openssl-wrapper-0.3.4.tgz",
      "integrity": "sha1-wB7Jjk3NK13+C2k/MYJyAOO4Gwc="
    }
  }
}
